
Microsoft Visual Studio Solution File, Format Version 12.00
# Visual Studio Version 17
VisualStudioVersion = 17.14.36623.8
MinimumVisualStudioVersion = 10.0.40219.1
Project("{FAE04EC0-301F-11D3-BF4B-00C04F79EFBC}") = "DistributedLibrary.Main", "DistributedLibrary.Main\DistributedLibrary.Main.csproj", "{256E5341-BE6B-4B88-A458-266DBB6053FA}"
EndProject
Project("{FAE04EC0-301F-11D3-BF4B-00C04F79EFBC}") = "DistributedLibrary.IntegrationTests", "DistributedLibrary.IntegrationTests\DistributedLibrary.IntegrationTests.csproj", "{FD296BD8-58FF-45DC-A4CA-66600AC865E0}"
EndProject
Global
	GlobalSection(SolutionConfigurationPlatforms) = preSolution
		Debug|Any CPU = Debug|Any CPU
		Release|Any CPU = Release|Any CPU
	EndGlobalSection
	GlobalSection(ProjectConfigurationPlatforms) = postSolution
		{256E5341-BE6B-4B88-A458-266DBB6053FA}.Debug|Any CPU.ActiveCfg = Debug|Any CPU
		{256E5341-BE6B-4B88-A458-266DBB6053FA}.Debug|Any CPU.Build.0 = Debug|Any CPU
		{256E5341-BE6B-4B88-A458-266DBB6053FA}.Release|Any CPU.ActiveCfg = Release|Any CPU
		{256E5341-BE6B-4B88-A458-266DBB6053FA}.Release|Any CPU.Build.0 = Release|Any CPU
		{FD296BD8-58FF-45DC-A4CA-66600AC865E0}.Debug|Any CPU.ActiveCfg = Debug|Any CPU
		{FD296BD8-58FF-45DC-A4CA-66600AC865E0}.Debug|Any CPU.Build.0 = Debug|Any CPU
		{FD296BD8-58FF-45DC-A4CA-66600AC865E0}.Release|Any CPU.ActiveCfg = Release|Any CPU
		{FD296BD8-58FF-45DC-A4CA-66600AC865E0}.Release|Any CPU.Build.0 = Release|Any CPU
	EndGlobalSection
	GlobalSection(SolutionProperties) = preSolution
		HideSolutionNode = FALSE
	EndGlobalSection
	GlobalSection(ExtensibilityGlobals) = postSolution
		SolutionGuid = {10B1C5D4-EEA5-4404-A77C-DD0A1449465F}
	EndGlobalSection
EndGlobal
